
Microsoft Visual Studio Solution File, Format Version 12.00
# Visual Studio 14
VisualStudioVersion = 14.0.24720.0
MinimumVisualStudioVersion = 10.0.40219.1
Project("{E24C65DC-7377-472B-9ABA-BC803B73C61A}") = "Saitti", "Saitti\", "{3E07E2B3-CB80-4885-B897-D2149243510F}"
	ProjectSection(WebsiteProperties) = preProject
		TargetFrameworkMoniker = ".NETFramework,Version%3Dv4.5"
		Debug.AspNetCompiler.VirtualPath = "/localhost_13303"
		Debug.AspNetCompiler.PhysicalPath = "Saitti\"
		Debug.AspNetCompiler.TargetPath = "PrecompiledWeb\localhost_13303\"
		Debug.AspNetCompiler.Updateable = "true"
		Debug.AspNetCompiler.ForceOverwrite = "true"
		Debug.AspNetCompiler.FixedNames = "false"
		Debug.AspNetCompiler.Debug = "True"
		Release.AspNetCompiler.VirtualPath = "/localhost_13303"
		Release.AspNetCompiler.PhysicalPath = "Saitti\"
		Release.AspNetCompiler.TargetPath = "PrecompiledWeb\localhost_13303\"
		Release.AspNetCompiler.Updateable = "true"
		Release.AspNetCompiler.ForceOverwrite = "true"
		Release.AspNetCompiler.FixedNames = "false"
		Release.AspNetCompiler.Debug = "False"
		VWDPort = "13303"
		SlnRelativePath = "Saitti\"
	EndProjectSection
EndProject
Project("{E24C65DC-7377-472B-9ABA-BC803B73C61A}") = "Tehtava1", "Tehtava1\", "{9A3685A5-6DCB-41F7-9205-FA453EDA625E}"
	ProjectSection(WebsiteProperties) = preProject
		TargetFrameworkMoniker = ".NETFramework,Version%3Dv4.5.2"
		Debug.AspNetCompiler.VirtualPath = "/localhost_54326"
		Debug.AspNetCompiler.PhysicalPath = "Tehtava1\"
		Debug.AspNetCompiler.TargetPath = "PrecompiledWeb\localhost_54326\"
		Debug.AspNetCompiler.Updateable = "true"
		Debug.AspNetCompiler.ForceOverwrite = "true"
		Debug.AspNetCompiler.FixedNames = "false"
		Debug.AspNetCompiler.Debug = "True"
		Release.AspNetCompiler.VirtualPath = "/localhost_54326"
		Release.AspNetCompiler.PhysicalPath = "Tehtava1\"
		Release.AspNetCompiler.TargetPath = "PrecompiledWeb\localhost_54326\"
		Release.AspNetCompiler.Updateable = "true"
		Release.AspNetCompiler.ForceOverwrite = "true"
		Release.AspNetCompiler.FixedNames = "false"
		Release.AspNetCompiler.Debug = "False"
		VWDPort = "54326"
		SlnRelativePath = "Tehtava1\"
		DefaultWebSiteLanguage = "Visual C#"
	EndProjectSection
EndProject
Project("{E24C65DC-7377-472B-9ABA-BC803B73C61A}") = "Tehtava2", "Tehtava2\", "{B7A72C27-BAA3-469D-A840-AB35E25A5693}"
	ProjectSection(WebsiteProperties) = preProject
		TargetFrameworkMoniker = ".NETFramework,Version%3Dv4.5.2"
		Debug.AspNetCompiler.VirtualPath = "/localhost_59904"
		Debug.AspNetCompiler.PhysicalPath = "Tehtava2\"
		Debug.AspNetCompiler.TargetPath = "PrecompiledWeb\localhost_59904\"
		Debug.AspNetCompiler.Updateable = "true"
		Debug.AspNetCompiler.ForceOverwrite = "true"
		Debug.AspNetCompiler.FixedNames = "false"
		Debug.AspNetCompiler.Debug = "True"
		Release.AspNetCompiler.VirtualPath = "/localhost_59904"
		Release.AspNetCompiler.PhysicalPath = "Tehtava2\"
		Release.AspNetCompiler.TargetPath = "PrecompiledWeb\localhost_59904\"
		Release.AspNetCompiler.Updateable = "true"
		Release.AspNetCompiler.ForceOverwrite = "true"
		Release.AspNetCompiler.FixedNames = "false"
		Release.AspNetCompiler.Debug = "False"
		VWDPort = "59904"
		SlnRelativePath = "Tehtava2\"
		DefaultWebSiteLanguage = "Visual C#"
	EndProjectSection
EndProject
Project("{E24C65DC-7377-472B-9ABA-BC803B73C61A}") = "Tehtava3", "Tehtava3\", "{DC6B7E52-2F97-4A77-872B-ABE29B190C27}"
	ProjectSection(WebsiteProperties) = preProject
		TargetFrameworkMoniker = ".NETFramework,Version%3Dv4.5.2"
		Debug.AspNetCompiler.VirtualPath = "/localhost_51553"
		Debug.AspNetCompiler.PhysicalPath = "Tehtava3\"
		Debug.AspNetCompiler.TargetPath = "PrecompiledWeb\localhost_51553\"
		Debug.AspNetCompiler.Updateable = "true"
		Debug.AspNetCompiler.ForceOverwrite = "true"
		Debug.AspNetCompiler.FixedNames = "false"
		Debug.AspNetCompiler.Debug = "True"
		Release.AspNetCompiler.VirtualPath = "/localhost_51553"
		Release.AspNetCompiler.PhysicalPath = "Tehtava3\"
		Release.AspNetCompiler.TargetPath = "PrecompiledWeb\localhost_51553\"
		Release.AspNetCompiler.Updateable = "true"
		Release.AspNetCompiler.ForceOverwrite = "true"
		Release.AspNetCompiler.FixedNames = "false"
		Release.AspNetCompiler.Debug = "False"
		VWDPort = "51553"
		SlnRelativePath = "Tehtava3\"
		DefaultWebSiteLanguage = "Visual C#"
	EndProjectSection
EndProject
Project("{E24C65DC-7377-472B-9ABA-BC803B73C61A}") = "Tehtava4", "Tehtava4\", "{CC7EFAF3-3CCA-451B-8897-DEA82362CEFD}"
	ProjectSection(WebsiteProperties) = preProject
		TargetFrameworkMoniker = ".NETFramework,Version%3Dv4.5.2"
		Debug.AspNetCompiler.VirtualPath = "/localhost_49393"
		Debug.AspNetCompiler.PhysicalPath = "Tehtava4\"
		Debug.AspNetCompiler.TargetPath = "PrecompiledWeb\localhost_49393\"
		Debug.AspNetCompiler.Updateable = "true"
		Debug.AspNetCompiler.ForceOverwrite = "true"
		Debug.AspNetCompiler.FixedNames = "false"
		Debug.AspNetCompiler.Debug = "True"
		Release.AspNetCompiler.VirtualPath = "/localhost_49393"
		Release.AspNetCompiler.PhysicalPath = "Tehtava4\"
		Release.AspNetCompiler.TargetPath = "PrecompiledWeb\localhost_49393\"
		Release.AspNetCompiler.Updateable = "true"
		Release.AspNetCompiler.ForceOverwrite = "true"
		Release.AspNetCompiler.FixedNames = "false"
		Release.AspNetCompiler.Debug = "False"
		VWDPort = "49393"
		SlnRelativePath = "Tehtava4\"
		DefaultWebSiteLanguage = "Visual C#"
	EndProjectSection
EndProject
Project("{E24C65DC-7377-472B-9ABA-BC803B73C61A}") = "Tehtava6", "Tehtava6\", "{24BBF016-E0B2-48C3-A085-F3C90F7FAACA}"
	ProjectSection(WebsiteProperties) = preProject
		TargetFrameworkMoniker = ".NETFramework,Version%3Dv4.5.2"
		Debug.AspNetCompiler.VirtualPath = "/localhost_32035"
		Debug.AspNetCompiler.PhysicalPath = "Tehtava6\"
		Debug.AspNetCompiler.TargetPath = "PrecompiledWeb\localhost_32035\"
		Debug.AspNetCompiler.Updateable = "true"
		Debug.AspNetCompiler.ForceOverwrite = "true"
		Debug.AspNetCompiler.FixedNames = "false"
		Debug.AspNetCompiler.Debug = "True"
		Release.AspNetCompiler.VirtualPath = "/localhost_32035"
		Release.AspNetCompiler.PhysicalPath = "Tehtava6\"
		Release.AspNetCompiler.TargetPath = "PrecompiledWeb\localhost_32035\"
		Release.AspNetCompiler.Updateable = "true"
		Release.AspNetCompiler.ForceOverwrite = "true"
		Release.AspNetCompiler.FixedNames = "false"
		Release.AspNetCompiler.Debug = "False"
		VWDPort = "32035"
		SlnRelativePath = "Tehtava6\"
		DefaultWebSiteLanguage = "Visual C#"
	EndProjectSection
EndProject
Project("{E24C65DC-7377-472B-9ABA-BC803B73C61A}") = "Tehtava8", "Tehtava8\", "{8BF392AB-C821-47BA-B2C6-7AB0B2BA443A}"
	ProjectSection(WebsiteProperties) = preProject
		TargetFrameworkMoniker = ".NETFramework,Version%3Dv4.5.2"
		Debug.AspNetCompiler.VirtualPath = "/localhost_33412"
		Debug.AspNetCompiler.PhysicalPath = "Tehtava8\"
		Debug.AspNetCompiler.TargetPath = "PrecompiledWeb\localhost_33412\"
		Debug.AspNetCompiler.Updateable = "true"
		Debug.AspNetCompiler.ForceOverwrite = "true"
		Debug.AspNetCompiler.FixedNames = "false"
		Debug.AspNetCompiler.Debug = "True"
		Release.AspNetCompiler.VirtualPath = "/localhost_33412"
		Release.AspNetCompiler.PhysicalPath = "Tehtava8\"
		Release.AspNetCompiler.TargetPath = "PrecompiledWeb\localhost_33412\"
		Release.AspNetCompiler.Updateable = "true"
		Release.AspNetCompiler.ForceOverwrite = "true"
		Release.AspNetCompiler.FixedNames = "false"
		Release.AspNetCompiler.Debug = "False"
		VWDPort = "33412"
		SlnRelativePath = "Tehtava8\"
		DefaultWebSiteLanguage = "Visual C#"
	EndProjectSection
EndProject
Project("{E24C65DC-7377-472B-9ABA-BC803B73C61A}") = "Tehtava7", "Tehtava7\", "{117A8696-A502-4EC6-9067-92931F59AC79}"
	ProjectSection(WebsiteProperties) = preProject
		TargetFrameworkMoniker = ".NETFramework,Version%3Dv4.5.2"
		Debug.AspNetCompiler.VirtualPath = "/localhost_41406"
		Debug.AspNetCompiler.PhysicalPath = "Tehtava7\"
		Debug.AspNetCompiler.TargetPath = "PrecompiledWeb\localhost_41406\"
		Debug.AspNetCompiler.Updateable = "true"
		Debug.AspNetCompiler.ForceOverwrite = "true"
		Debug.AspNetCompiler.FixedNames = "false"
		Debug.AspNetCompiler.Debug = "True"
		Release.AspNetCompiler.VirtualPath = "/localhost_41406"
		Release.AspNetCompiler.PhysicalPath = "Tehtava7\"
		Release.AspNetCompiler.TargetPath = "PrecompiledWeb\localhost_41406\"
		Release.AspNetCompiler.Updateable = "true"
		Release.AspNetCompiler.ForceOverwrite = "true"
		Release.AspNetCompiler.FixedNames = "false"
		Release.AspNetCompiler.Debug = "False"
		VWDPort = "41406"
		SlnRelativePath = "Tehtava7\"
		DefaultWebSiteLanguage = "Visual C#"
	EndProjectSection
EndProject
Project("{E24C65DC-7377-472B-9ABA-BC803B73C61A}") = "Tehtava5", "Tehtava5\", "{0450C478-21F7-4C3A-AA80-6B569EFB897A}"
	ProjectSection(WebsiteProperties) = preProject
		TargetFrameworkMoniker = ".NETFramework,Version%3Dv4.5.2"
		Debug.AspNetCompiler.VirtualPath = "/localhost_50876"
		Debug.AspNetCompiler.PhysicalPath = "Tehtava5\"
		Debug.AspNetCompiler.TargetPath = "PrecompiledWeb\localhost_50876\"
		Debug.AspNetCompiler.Updateable = "true"
		Debug.AspNetCompiler.ForceOverwrite = "true"
		Debug.AspNetCompiler.FixedNames = "false"
		Debug.AspNetCompiler.Debug = "True"
		Release.AspNetCompiler.VirtualPath = "/localhost_50876"
		Release.AspNetCompiler.PhysicalPath = "Tehtava5\"
		Release.AspNetCompiler.TargetPath = "PrecompiledWeb\localhost_50876\"
		Release.AspNetCompiler.Updateable = "true"
		Release.AspNetCompiler.ForceOverwrite = "true"
		Release.AspNetCompiler.FixedNames = "false"
		Release.AspNetCompiler.Debug = "False"
		VWDPort = "50876"
		SlnRelativePath = "Tehtava5\"
		DefaultWebSiteLanguage = "Visual C#"
	EndProjectSection
EndProject
Project("{E24C65DC-7377-472B-9ABA-BC803B73C61A}") = "Teknologiatutkimus", "Teknologiatutkimus\", "{87E61BDA-4489-48D2-9E88-C1BA201E8333}"
	ProjectSection(WebsiteProperties) = preProject
		TargetFrameworkMoniker = ".NETFramework,Version%3Dv4.5.2"
		Debug.AspNetCompiler.VirtualPath = "/localhost_5873"
		Debug.AspNetCompiler.PhysicalPath = "Teknologiatutkimus\"
		Debug.AspNetCompiler.TargetPath = "PrecompiledWeb\localhost_5873\"
		Debug.AspNetCompiler.Updateable = "true"
		Debug.AspNetCompiler.ForceOverwrite = "true"
		Debug.AspNetCompiler.FixedNames = "false"
		Debug.AspNetCompiler.Debug = "True"
		Release.AspNetCompiler.VirtualPath = "/localhost_5873"
		Release.AspNetCompiler.PhysicalPath = "Teknologiatutkimus\"
		Release.AspNetCompiler.TargetPath = "PrecompiledWeb\localhost_5873\"
		Release.AspNetCompiler.Updateable = "true"
		Release.AspNetCompiler.ForceOverwrite = "true"
		Release.AspNetCompiler.FixedNames = "false"
		Release.AspNetCompiler.Debug = "False"
		VWDPort = "5873"
		SlnRelativePath = "Teknologiatutkimus\"
		DefaultWebSiteLanguage = "Visual C#"
	EndProjectSection
EndProject
Global
	GlobalSection(SolutionConfigurationPlatforms) = preSolution
		Debug|Any CPU = Debug|Any CPU
		Release|Any CPU = Release|Any CPU
	EndGlobalSection
	GlobalSection(ProjectConfigurationPlatforms) = postSolution
		{3E07E2B3-CB80-4885-B897-D2149243510F}.Debug|Any CPU.ActiveCfg = Debug|Any CPU
		{3E07E2B3-CB80-4885-B897-D2149243510F}.Debug|Any CPU.Build.0 = Debug|Any CPU
		{3E07E2B3-CB80-4885-B897-D2149243510F}.Release|Any CPU.ActiveCfg = Debug|Any CPU
		{3E07E2B3-CB80-4885-B897-D2149243510F}.Release|Any CPU.Build.0 = Debug|Any CPU
		{9A3685A5-6DCB-41F7-9205-FA453EDA625E}.Debug|Any CPU.ActiveCfg = Debug|Any CPU
		{9A3685A5-6DCB-41F7-9205-FA453EDA625E}.Debug|Any CPU.Build.0 = Debug|Any CPU
		{9A3685A5-6DCB-41F7-9205-FA453EDA625E}.Release|Any CPU.ActiveCfg = Debug|Any CPU
		{9A3685A5-6DCB-41F7-9205-FA453EDA625E}.Release|Any CPU.Build.0 = Debug|Any CPU
		{B7A72C27-BAA3-469D-A840-AB35E25A5693}.Debug|Any CPU.ActiveCfg = Debug|Any CPU
		{B7A72C27-BAA3-469D-A840-AB35E25A5693}.Debug|Any CPU.Build.0 = Debug|Any CPU
		{B7A72C27-BAA3-469D-A840-AB35E25A5693}.Release|Any CPU.ActiveCfg = Debug|Any CPU
		{B7A72C27-BAA3-469D-A840-AB35E25A5693}.Release|Any CPU.Build.0 = Debug|Any CPU
		{DC6B7E52-2F97-4A77-872B-ABE29B190C27}.Debug|Any CPU.ActiveCfg = Debug|Any CPU
		{DC6B7E52-2F97-4A77-872B-ABE29B190C27}.Debug|Any CPU.Build.0 = Debug|Any CPU
		{DC6B7E52-2F97-4A77-872B-ABE29B190C27}.Release|Any CPU.ActiveCfg = Debug|Any CPU
		{DC6B7E52-2F97-4A77-872B-ABE29B190C27}.Release|Any CPU.Build.0 = Debug|Any CPU
		{CC7EFAF3-3CCA-451B-8897-DEA82362CEFD}.Debug|Any CPU.ActiveCfg = Debug|Any CPU
		{CC7EFAF3-3CCA-451B-8897-DEA82362CEFD}.Debug|Any CPU.Build.0 = Debug|Any CPU
		{CC7EFAF3-3CCA-451B-8897-DEA82362CEFD}.Release|Any CPU.ActiveCfg = Debug|Any CPU
		{CC7EFAF3-3CCA-451B-8897-DEA82362CEFD}.Release|Any CPU.Build.0 = Debug|Any CPU
		{24BBF016-E0B2-48C3-A085-F3C90F7FAACA}.Debug|Any CPU.ActiveCfg = Debug|Any CPU
		{24BBF016-E0B2-48C3-A085-F3C90F7FAACA}.Debug|Any CPU.Build.0 = Debug|Any CPU
		{24BBF016-E0B2-48C3-A085-F3C90F7FAACA}.Release|Any CPU.ActiveCfg = Debug|Any CPU
		{24BBF016-E0B2-48C3-A085-F3C90F7FAACA}.Release|Any CPU.Build.0 = Debug|Any CPU
		{8BF392AB-C821-47BA-B2C6-7AB0B2BA443A}.Debug|Any CPU.ActiveCfg = Debug|Any CPU
		{8BF392AB-C821-47BA-B2C6-7AB0B2BA443A}.Debug|Any CPU.Build.0 = Debug|Any CPU
		{8BF392AB-C821-47BA-B2C6-7AB0B2BA443A}.Release|Any CPU.ActiveCfg = Debug|Any CPU
		{8BF392AB-C821-47BA-B2C6-7AB0B2BA443A}.Release|Any CPU.Build.0 = Debug|Any CPU
		{117A8696-A502-4EC6-9067-92931F59AC79}.Debug|Any CPU.ActiveCfg = Debug|Any CPU
		{117A8696-A502-4EC6-9067-92931F59AC79}.Debug|Any CPU.Build.0 = Debug|Any CPU
		{117A8696-A502-4EC6-9067-92931F59AC79}.Release|Any CPU.ActiveCfg = Debug|Any CPU
		{117A8696-A502-4EC6-9067-92931F59AC79}.Release|Any CPU.Build.0 = Debug|Any CPU
		{0450C478-21F7-4C3A-AA80-6B569EFB897A}.Debug|Any CPU.ActiveCfg = Debug|Any CPU
		{0450C478-21F7-4C3A-AA80-6B569EFB897A}.Debug|Any CPU.Build.0 = Debug|Any CPU
		{0450C478-21F7-4C3A-AA80-6B569EFB897A}.Release|Any CPU.ActiveCfg = Debug|Any CPU
		{0450C478-21F7-4C3A-AA80-6B569EFB897A}.Release|Any CPU.Build.0 = Debug|Any CPU
		{87E61BDA-4489-48D2-9E88-C1BA201E8333}.Debug|Any CPU.ActiveCfg = Debug|Any CPU
		{87E61BDA-4489-48D2-9E88-C1BA201E8333}.Debug|Any CPU.Build.0 = Debug|Any CPU
		{87E61BDA-4489-48D2-9E88-C1BA201E8333}.Release|Any CPU.ActiveCfg = Debug|Any CPU
		{87E61BDA-4489-48D2-9E88-C1BA201E8333}.Release|Any CPU.Build.0 = Debug|Any CPU
	EndGlobalSection
	GlobalSection(SolutionProperties) = preSolution
		HideSolutionNode = FALSE
	EndGlobalSection
EndGlobal
